dependencies:
  espressif/cmake_utilities:
    component_hash: 351350613ceafba240b761b4ea991e0f231ac7a9f59a9ee901f751bddc0bb18f
    dependencies:
    - name: idf
      require: private
      version: '>=4.1'
    source:
      registry_url: https://components.espressif.com/
      type: service
    version: 0.5.3
  espressif/esp_lcd_ek79007:
    component_hash: 8005700b7f10c7136b6e2a3f19a48f972aa1d13ed107ed298574e8d24d17ea83
    dependencies:
    - name: espressif/cmake_utilities
      registry_url: https://components.espressif.com
      require: private
      version: 0.*
    - name: idf
      require: private
      version: '>=5.3'
    source:
      registry_url: https://components.espressif.com/
      type: service
    targets:
    - esp32p4
    version: 1.0.4
  espressif/esp_lcd_jd9165:
    component_hash: 1eaeedd3fef31f7a48e932b17833216efe0b87238212cd7468c2e60f7236598c
    dependencies:
    - name: espressif/cmake_utilities
      registry_url: https://components.espressif.com
      require: private
      version: 0.*
    - name: idf
      require: private
      version: '>=5.3'
    source:
      registry_url: https://components.espressif.com/
      type: service
    targets:
    - esp32p4
    version: 2.0.2
  espressif/esp_lcd_jd9365:
    dependencies: []
    source:
      path: components/espressif__esp_lcd_jd9365
      type: local
    version: 1.0.4
  espressif/esp_lcd_st7701:
    component_hash: 924f346e36da39aaa38177e21bd360b5442abc792338fb64ad1e644481255898
    dependencies:
    - name: espressif/cmake_utilities
      registry_url: https://components.espressif.com
      require: private
      version: 0.*
    - name: idf
      require: private
      version: '>=5.4'
    source:
      registry_url: https://components.espressif.com/
      type: service
    targets:
    - esp32s3
    - esp32s31
    - esp32p4
    version: 2.0.2~2
  espressif/ip101:
    component_hash: ca74de570dda7c2e79ce501b935638b2957fd9ac42424ed30d854f1962970471
    dependencies:
    - name: idf
      require: private
      version: '>=6.0'
    source:
      registry_url: https://components.espressif.com/
      type: service
    targets:
    - esp32
    - esp32p4
    - esp32s31
    version: 1.1.0
  idf:
    source:
      type: idf
    version: 6.0.3
direct_dependencies:
- espressif/cmake_utilities
- espressif/esp_lcd_ek79007
- espressif/esp_lcd_jd9165
- espressif/esp_lcd_jd9365
- espressif/esp_lcd_st7701
- espressif/ip101
- idf
manifest_hash: 8bfdf3c58dea6ba26d0021eed04447f3ef3c7c5094ed325500af424f6258d16c
target: esp32p4
version: 3.0.0
