dependencies:
  espressif/cmake_utilities:
    component_hash: 351350613ceafba240b761b4ea991e0f231ac7a9f59a9ee901f751bddc0bb18f
    dependencies:
    - name: idf
      require: private
      version: '>=4.1'
    source:
      registry_url: https://components.espressif.com/
      type: service
    version: 0.5.3
  espressif/esp_asrc:
    component_hash: 83021b6888ba94966bb3a954d435ca031952ddb7f2b873886bd7a0da94bc1108
    dependencies:
    - name: espressif/esp_audio_effects
      registry_url: https://components.espressif.com
      require: private
      version: ~1.3
    source:
      registry_url: https://components.espressif.com
      type: service
    version: 1.0.1
  espressif/esp_audio_codec:
    component_hash: 16e2880dbdd5a72264051f750f33a6e5a38fd25621c83e3a32a85a152d2d2643
    dependencies:
    - name: idf
      require: private
      version: '>=4.4'
    source:
      registry_url: https://components.espressif.com
      type: service
    version: 2.5.0
  espressif/esp_audio_effects:
    component_hash: 6ad72ee106e25b07c9ae5b8ec77b566ef8d697473095f1c982e13247005b9ba6
    dependencies:
    - name: espressif/gmf_fft
      registry_url: https://components.espressif.com
      require: private
      version: ~1.0
    source:
      registry_url: https://components.espressif.com
      type: service
    version: 1.3.0~1
  espressif/esp_audio_render:
    component_hash: ff3a55f6ed90ce5141c3e973f6c6e4fbb890ccde13324f2f62e2dd651e58fbe3
    dependencies:
    - name: espressif/gmf_audio
      registry_url: https://components.espressif.com
      require: private
      version: ^1.0
    source:
      registry_url: https://components.espressif.com/
      type: service
    version: 1.0.0
  espressif/esp_codec_dev:
    component_hash: 4779f31a3ba3f9b38aee1afe6ccb9ba8f6108dc3a6e77d39d7d714e9a215371b
    dependencies:
    - name: idf
      require: private
      version: '>=4.0'
    source:
      registry_url: https://components.espressif.com/
      type: service
    version: 1.6.2
  espressif/esp_extractor:
    component_hash: d2e99ae3e45f2d3b0b35d5615e0ef32d5b813daed6f79253aab94b6e76445086
    dependencies: []
    source:
      registry_url: https://components.espressif.com/
      type: service
    version: 1.0.7
  espressif/esp_h264:
    component_hash: 3d60078419ceac61cd87579664ae6a5a9b9a42d6f2edf4e23d753af8d2a67da9
    dependencies:
    - name: idf
      require: private
      version: '>=4.4'
    source:
      registry_url: https://components.espressif.com
      type: service
    targets:
    - esp32s3
    - esp32s31
    - esp32p4
    version: 1.4.1
  espressif/esp_hls_stream:
    component_hash: 0a3aeff8462f7edb0cf68dad10a4fd074de76fd3e57084eacb5db01192394e2c
    dependencies:
    - name: espressif/esp_extractor
      registry_url: https://components.espressif.com
      require: private
      version: ^1.0.0
    - name: espressif/gmf_io
      registry_url: https://components.espressif.com
      require: private
      version: ^1.0
    - name: espressif/media_lib_sal
      registry_url: https://components.espressif.com
      require: private
      version: '*'
    source:
      registry_url: https://components.espressif.com
      type: service
    version: 1.0.4
  espressif/esp_image_effects:
    component_hash: a9a9a18173dc338f94559e61ebbfc1aeff5ebb2f7703e7e3d2431c5bb3450fe6
    dependencies:
    - name: idf
      require: private
      version: '>=5.0'
    source:
      registry_url: https://components.espressif.com
      type: service
    version: 1.1.0
  espressif/esp_lcd_ek79007:
    component_hash: 8005700b7f10c7136b6e2a3f19a48f972aa1d13ed107ed298574e8d24d17ea83
    dependencies:
    - name: espressif/cmake_utilities
      registry_url: https://components.espressif.com
      require: private
      version: 0.*
    - name: idf
      require: private
      version: '>=5.3'
    source:
      registry_url: https://components.espressif.com/
      type: service
    targets:
    - esp32p4
    version: 1.0.4
  espressif/esp_lcd_jd9165:
    component_hash: 1eaeedd3fef31f7a48e932b17833216efe0b87238212cd7468c2e60f7236598c
    dependencies:
    - name: espressif/cmake_utilities
      registry_url: https://components.espressif.com
      require: private
      version: 0.*
    - name: idf
      require: private
      version: '>=5.3'
    source:
      registry_url: https://components.espressif.com/
      type: service
    targets:
    - esp32p4
    version: 2.0.2
  espressif/esp_lcd_jd9365:
    dependencies: []
    source:
      path: components/espressif__esp_lcd_jd9365
      type: local
    version: 1.0.4
  espressif/esp_lcd_st7701:
    component_hash: 924f346e36da39aaa38177e21bd360b5442abc792338fb64ad1e644481255898
    dependencies:
    - name: espressif/cmake_utilities
      registry_url: https://components.espressif.com
      require: private
      version: 0.*
    - name: idf
      require: private
      version: '>=5.4'
    source:
      registry_url: https://components.espressif.com/
      type: service
    targets:
    - esp32s3
    - esp32s31
    - esp32p4
    version: 2.0.2~2
  espressif/esp_muxer:
    component_hash: 7de5d869121f8decaf4dd1dcaf0d7ffa9be0e9bd58be55dcf544eac4958a61ef
    dependencies: []
    source:
      registry_url: https://components.espressif.com
      type: service
    version: 1.2.3
  espressif/esp_new_jpeg:
    component_hash: e1e7e6991193c41ed6c9fc386702aa7821433319e7aa9c3147cd3236310cd69c
    dependencies: []
    source:
      registry_url: https://components.espressif.com
      type: service
    targets:
    - esp32
    - esp32s2
    - esp32s3
    - esp32s31
    - esp32p4
    - esp32c2
    - esp32c3
    - esp32c5
    - esp32c6
    - esp32c61
    - esp32h4
    version: 1.0.2
  espressif/esp_player:
    component_hash: 41ad074df33d2aebcdb88b5f0cf1476c03a454a5e57066863d66f31ada837f16
    dependencies:
    - matches:
      - if: $CONFIG{ESP_PLAYER_ENABLE_AUDIO} == True
      name: espressif/esp_audio_render
      registry_url: https://components.espressif.com
      require: private
      version: ~1.0
    - name: espressif/esp_extractor
      registry_url: https://components.espressif.com
      require: private
      version: ~1.0
    - matches:
      - if: $CONFIG{ESP_PLAYER_ENABLE_HLS_IO} == True
      name: espressif/esp_hls_stream
      registry_url: https://components.espressif.com
      require: private
      version: ~1.0
    - matches:
      - if: $CONFIG{ESP_PLAYER_ENABLE_VIDEO} == True
      name: espressif/esp_video_codec
      registry_url: https://components.espressif.com
      require: private
      version: ~0.5
    - matches:
      - if: $CONFIG{ESP_PLAYER_ENABLE_VIDEO} == True
      name: espressif/esp_video_render
      registry_url: https://components.espressif.com
      require: private
      version: ~1.0
    - matches:
      - if: $CONFIG{ESP_PLAYER_ENABLE_AUDIO} == True
      name: espressif/gmf_audio
      registry_url: https://components.espressif.com
      require: private
      version: ~1.0
    - name: espressif/gmf_core
      registry_url: https://components.espressif.com
      require: private
      version: ~1.0
    - name: espressif/gmf_io
      registry_url: https://components.espressif.com
      require: private
      version: ~1.0
    - matches:
      - if: $CONFIG{ESP_PLAYER_ENABLE_VIDEO} == True
      name: espressif/gmf_video
      registry_url: https://components.espressif.com
      require: private
      version: ~1.0
    source:
      registry_url: https://components.espressif.com/
      type: service
    version: 1.0.7
  espressif/esp_video_codec:
    component_hash: e717c04f9dc491a3fefd655500d7009a107391127e6903c4005bfec0bbd3c29c
    dependencies:
    - name: espressif/esp_h264
      registry_url: https://components.espressif.com
      require: private
      rules:
      - if: target in [esp32p4, esp32s3, esp32s31]
      version: ^1.3.0
    - name: espressif/esp_new_jpeg
      registry_url: https://components.espressif.com
      require: private
      rules:
      - if: target in [esp32, esp32s2, esp32s3, esp32p4, esp32c2, esp32c3, esp32c5, esp32c6, esp32c61, esp32h4, esp32s31]
      version: '*'
    - name: idf
      require: private
      version: '>=4.4'
    source:
      registry_url: https://components.espressif.com/
      type: service
    version: 0.5.7
  espressif/esp_video_render:
    component_hash: 867a7fae2d0a2cb4a7f5a2c1daf5dc3454b19d915b6d6e5f4ad8aa1742d04183
    dependencies:
    - matches:
      - if: $CONFIG{ESP_VIDEO_RENDER_LVGL_BACKEND_SUPPORT} == True
      name: espressif/esp_lvgl_port
      registry_url: https://components.espressif.com
      require: public
      version: ^2
    - matches:
      - if: $CONFIG{ESP_VIDEO_RENDER_TEXT_WIDGET_SUPPORT} == True
      name: espressif/freetype
      registry_url: https://components.espressif.com
      require: private
      version: ^2.13.3
    - name: espressif/gmf_video
      registry_url: https://components.espressif.com
      require: private
      version: ^1.0
    source:
      registry_url: https://components.espressif.com/
      type: service
    version: 1.0.0
  espressif/gmf_audio:
    component_hash: 85aa484ce217fefa3b4e3694a06b22df5750b7d822679e336351233ad796d899
    dependencies:
    - name: espressif/esp_asrc
      registry_url: https://components.espressif.com
      require: private
      version: ~1.0
    - name: espressif/esp_audio_codec
      registry_url: https://components.espressif.com
      require: private
      version: ~2.5
    - name: espressif/esp_audio_effects
      registry_url: https://components.espressif.com
      require: private
      version: ~1.3
    - name: espressif/esp_muxer
      registry_url: https://components.espressif.com
      require: private
      version: ~1.2
    - name: espressif/gmf_core
      registry_url: https://components.espressif.com
      require: private
      version: ^1.0
    source:
      registry_url: https://components.espressif.com/
      type: service
    version: 1.0.1
  espressif/gmf_core:
    component_hash: 025de674bdfaec7b9d98019f904e91d59318a6ed4e47baef134c136b98a7a745
    dependencies: []
    source:
      registry_url: https://components.espressif.com/
      type: service
    version: 1.0.2
  espressif/gmf_fft:
    component_hash: b59451ef2f96d22b80c27a162515b21f1b85954dda434c0b092172164028779d
    dependencies: []
    source:
      registry_url: https://components.espressif.com
      type: service
    version: 1.0.0
  espressif/gmf_io:
    component_hash: aa1f68942e64ca538bb9d01e59d8f7563314c681183959bf62f180fa2b0a3c55
    dependencies:
    - name: espressif/esp_codec_dev
      registry_url: https://components.espressif.com
      require: private
      version: ^1.4
    - name: espressif/gmf_core
      registry_url: https://components.espressif.com
      require: private
      version: ^1.0
    source:
      registry_url: https://components.espressif.com/
      type: service
    version: 1.0.0
  espressif/gmf_video:
    component_hash: df5450cb8f6eeea78e2ebdefe8825e73fcd2681a08ae04b41a501c7a26a8ef0d
    dependencies:
    - name: espressif/esp_image_effects
      registry_url: https://components.espressif.com
      require: private
      version: ~1.1.0
    - name: espressif/esp_video_codec
      registry_url: https://components.espressif.com
      require: private
      version: ~0.5
    - name: espressif/gmf_core
      registry_url: https://components.espressif.com
      require: private
      version: ~1.0
    source:
      registry_url: https://components.espressif.com/
      type: service
    version: 1.0.3
  espressif/ip101:
    component_hash: ca74de570dda7c2e79ce501b935638b2957fd9ac42424ed30d854f1962970471
    dependencies:
    - name: idf
      require: private
      version: '>=6.0'
    source:
      registry_url: https://components.espressif.com/
      type: service
    targets:
    - esp32
    - esp32p4
    - esp32s31
    version: 1.1.0
  espressif/media_lib_sal:
    component_hash: af39cd5a569f9125ae4782609cd60a2449887df675cba2359a426d480bb560d1
    dependencies:
    - name: idf
      require: private
      version: '>=5.1'
    source:
      registry_url: https://components.espressif.com/
      type: service
    version: 1.0.2
  idf:
    source:
      type: idf
    version: 6.0.3
direct_dependencies:
- espressif/cmake_utilities
- espressif/esp_audio_render
- espressif/esp_codec_dev
- espressif/esp_extractor
- espressif/esp_lcd_ek79007
- espressif/esp_lcd_jd9165
- espressif/esp_lcd_jd9365
- espressif/esp_lcd_st7701
- espressif/esp_player
- espressif/esp_video_codec
- espressif/esp_video_render
- espressif/gmf_audio
- espressif/gmf_core
- espressif/gmf_io
- espressif/gmf_video
- espressif/ip101
- espressif/media_lib_sal
- idf
manifest_hash: fb6d5677252c61433961c105b8c85177132b3f9cd8584cec2f891019a487dfea
target: esp32p4
version: 3.0.0
